dependencies:
- name: common
  repository: https://charts.bitnami.com/bitnami
  version: 2.31.4
- name: mariadb
  repository: https://charts.bitnami.com/bitnami
  version: 23.2.4
digest: sha256:90f68eaf60f018fbaa8208fbf83d4eb26081e4ab893862cda182c8bfcbc2f08a
generated: "2026-01-16T15:28:52.362295251Z"
